{
  "name": "solution",
  "lockfileVersion": 3,
  "requires": true,
  "packages": {
    "": {
      "dependencies": {
        "socket": "^0.15.58"
      }
    },
    "node_modules/socket": {
      "version": "0.15.58",
      "resolved": "https://registry.npmjs.org/socket/-/socket-0.15.58.tgz",
      "integrity": "sha512-fgyTmDHfkmzi7B+0OC/fX6Comz3ySc4skl1+/vbAgxfAJvjyvIXc731Vr/zV4kJDLAePnh9FrkT5GE1jlkjCAQ==",
      "bin": {
        "socket": "bin/cli.js",
        "socket-npm": "bin/npm-cli.js",
        "socket-npx": "bin/npx-cli.js"
      },
      "engines": {
        "node": "18.20.7 || ^20.18.3 || >=22.14.0"
      }
    }
  }
}
